
Microsoft Visual Studio Solution File, Format Version 12.00
# Visual Studio Version 17
VisualStudioVersion = 17.14.37027.9
MinimumVisualStudioVersion = 10.0.40219.1
Project("{2150E333-8FDC-42A3-9474-1A3956D46DE8}") = "framework", "framework", "{36D591C7-65C7-A0D1-1CBC-10CDE441BDC8}"
EndProject
Project("{2150E333-8FDC-42A3-9474-1A3956D46DE8}") = "github", "github", "{7CB119A2-4CF5-4780-99B8-9C6AEB714981}"
	ProjectSection(SolutionItems) = preProject
		LICENSE.txt = LICENSE.txt
		README.md = README.md
	EndProjectSection
EndProject
Project("{8BC9CEB8-8B4A-11D0-8D11-00A0C91BC942}") = "utils", "src\utils\utils.vcxproj", "{421C46A4-1253-4FF4-B68B-ECB4020C23F1}"
EndProject
Project("{8BC9CEB8-8B4A-11D0-8D11-00A0C91BC942}") = "arch", "src\arch\arch.vcxproj", "{3336C9D5-33F3-462F-AB8F-F2B8D5C3C1EA}"
	ProjectSection(ProjectDependencies) = postProject
		{421C46A4-1253-4FF4-B68B-ECB4020C23F1} = {421C46A4-1253-4FF4-B68B-ECB4020C23F1}
	EndProjectSection
EndProject
Project("{2150E333-8FDC-42A3-9474-1A3956D46DE8}") = "examples", "examples", "{6973CA4F-5C12-45F1-AA79-96EE9156E669}"
EndProject
Project("{8BC9CEB8-8B4A-11D0-8D11-00A0C91BC942}") = "sandbox", "examples\sandbox\sandbox.vcxproj", "{5DBCA6DB-6A44-4725-A449-7E8DD6B1AF93}"
	ProjectSection(ProjectDependencies) = postProject
		{3336C9D5-33F3-462F-AB8F-F2B8D5C3C1EA} = {3336C9D5-33F3-462F-AB8F-F2B8D5C3C1EA}
		{421C46A4-1253-4FF4-B68B-ECB4020C23F1} = {421C46A4-1253-4FF4-B68B-ECB4020C23F1}
		{F6D2E377-B5CC-46B2-8F96-20E487141E01} = {F6D2E377-B5CC-46B2-8F96-20E487141E01}
	EndProjectSection
EndProject
Project("{8BC9CEB8-8B4A-11D0-8D11-00A0C91BC942}") = "core", "src\core\core.vcxproj", "{F6D2E377-B5CC-46B2-8F96-20E487141E01}"
	ProjectSection(ProjectDependencies) = postProject
		{3336C9D5-33F3-462F-AB8F-F2B8D5C3C1EA} = {3336C9D5-33F3-462F-AB8F-F2B8D5C3C1EA}
		{421C46A4-1253-4FF4-B68B-ECB4020C23F1} = {421C46A4-1253-4FF4-B68B-ECB4020C23F1}
	EndProjectSection
EndProject
Project("{8BC9CEB8-8B4A-11D0-8D11-00A0C91BC942}") = "streams", "src\streams\streams.vcxproj", "{16225FBF-AF0C-4933-B5DE-CACD0E7C6194}"
EndProject
Global
	GlobalSection(SolutionConfigurationPlatforms) = preSolution
		Debug|x64 = Debug|x64
		Debug|x86 = Debug|x86
		Release|x64 = Release|x64
		Release|x86 = Release|x86
	EndGlobalSection
	GlobalSection(ProjectConfigurationPlatforms) = postSolution
		{421C46A4-1253-4FF4-B68B-ECB4020C23F1}.Debug|x64.ActiveCfg = Debug|x64
		{421C46A4-1253-4FF4-B68B-ECB4020C23F1}.Debug|x64.Build.0 = Debug|x64
		{421C46A4-1253-4FF4-B68B-ECB4020C23F1}.Debug|x86.ActiveCfg = Debug|Win32
		{421C46A4-1253-4FF4-B68B-ECB4020C23F1}.Debug|x86.Build.0 = Debug|Win32
		{421C46A4-1253-4FF4-B68B-ECB4020C23F1}.Release|x64.ActiveCfg = Release|x64
		{421C46A4-1253-4FF4-B68B-ECB4020C23F1}.Release|x64.Build.0 = Release|x64
		{421C46A4-1253-4FF4-B68B-ECB4020C23F1}.Release|x86.ActiveCfg = Release|Win32
		{421C46A4-1253-4FF4-B68B-ECB4020C23F1}.Release|x86.Build.0 = Release|Win32
		{3336C9D5-33F3-462F-AB8F-F2B8D5C3C1EA}.Debug|x64.ActiveCfg = Debug|x64
		{3336C9D5-33F3-462F-AB8F-F2B8D5C3C1EA}.Debug|x64.Build.0 = Debug|x64
		{3336C9D5-33F3-462F-AB8F-F2B8D5C3C1EA}.Debug|x86.ActiveCfg = Debug|Win32
		{3336C9D5-33F3-462F-AB8F-F2B8D5C3C1EA}.Debug|x86.Build.0 = Debug|Win32
		{3336C9D5-33F3-462F-AB8F-F2B8D5C3C1EA}.Release|x64.ActiveCfg = Release|x64
		{3336C9D5-33F3-462F-AB8F-F2B8D5C3C1EA}.Release|x64.Build.0 = Release|x64
		{3336C9D5-33F3-462F-AB8F-F2B8D5C3C1EA}.Release|x86.ActiveCfg = Release|Win32
		{3336C9D5-33F3-462F-AB8F-F2B8D5C3C1EA}.Release|x86.Build.0 = Release|Win32
		{5DBCA6DB-6A44-4725-A449-7E8DD6B1AF93}.Debug|x64.ActiveCfg = Debug|x64
		{5DBCA6DB-6A44-4725-A449-7E8DD6B1AF93}.Debug|x64.Build.0 = Debug|x64
		{5DBCA6DB-6A44-4725-A449-7E8DD6B1AF93}.Debug|x86.ActiveCfg = Debug|Win32
		{5DBCA6DB-6A44-4725-A449-7E8DD6B1AF93}.Debug|x86.Build.0 = Debug|Win32
		{5DBCA6DB-6A44-4725-A449-7E8DD6B1AF93}.Release|x64.ActiveCfg = Release|x64
		{5DBCA6DB-6A44-4725-A449-7E8DD6B1AF93}.Release|x64.Build.0 = Release|x64
		{5DBCA6DB-6A44-4725-A449-7E8DD6B1AF93}.Release|x86.ActiveCfg = Release|Win32
		{5DBCA6DB-6A44-4725-A449-7E8DD6B1AF93}.Release|x86.Build.0 = Release|Win32
		{F6D2E377-B5CC-46B2-8F96-20E487141E01}.Debug|x64.ActiveCfg = Debug|x64
		{F6D2E377-B5CC-46B2-8F96-20E487141E01}.Debug|x64.Build.0 = Debug|x64
		{F6D2E377-B5CC-46B2-8F96-20E487141E01}.Debug|x86.ActiveCfg = Debug|Win32
		{F6D2E377-B5CC-46B2-8F96-20E487141E01}.Debug|x86.Build.0 = Debug|Win32
		{F6D2E377-B5CC-46B2-8F96-20E487141E01}.Release|x64.ActiveCfg = Release|x64
		{F6D2E377-B5CC-46B2-8F96-20E487141E01}.Release|x64.Build.0 = Release|x64
		{F6D2E377-B5CC-46B2-8F96-20E487141E01}.Release|x86.ActiveCfg = Release|Win32
		{F6D2E377-B5CC-46B2-8F96-20E487141E01}.Release|x86.Build.0 = Release|Win32
		{16225FBF-AF0C-4933-B5DE-CACD0E7C6194}.Debug|x64.ActiveCfg = Debug|x64
		{16225FBF-AF0C-4933-B5DE-CACD0E7C6194}.Debug|x64.Build.0 = Debug|x64
		{16225FBF-AF0C-4933-B5DE-CACD0E7C6194}.Debug|x86.ActiveCfg = Debug|Win32
		{16225FBF-AF0C-4933-B5DE-CACD0E7C6194}.Debug|x86.Build.0 = Debug|Win32
		{16225FBF-AF0C-4933-B5DE-CACD0E7C6194}.Release|x64.ActiveCfg = Release|x64
		{16225FBF-AF0C-4933-B5DE-CACD0E7C6194}.Release|x64.Build.0 = Release|x64
		{16225FBF-AF0C-4933-B5DE-CACD0E7C6194}.Release|x86.ActiveCfg = Release|Win32
		{16225FBF-AF0C-4933-B5DE-CACD0E7C6194}.Release|x86.Build.0 = Release|Win32
	EndGlobalSection
	GlobalSection(SolutionProperties) = preSolution
		HideSolutionNode = FALSE
	EndGlobalSection
	GlobalSection(NestedProjects) = preSolution
		{421C46A4-1253-4FF4-B68B-ECB4020C23F1} = {36D591C7-65C7-A0D1-1CBC-10CDE441BDC8}
		{3336C9D5-33F3-462F-AB8F-F2B8D5C3C1EA} = {36D591C7-65C7-A0D1-1CBC-10CDE441BDC8}
		{5DBCA6DB-6A44-4725-A449-7E8DD6B1AF93} = {6973CA4F-5C12-45F1-AA79-96EE9156E669}
		{F6D2E377-B5CC-46B2-8F96-20E487141E01} = {36D591C7-65C7-A0D1-1CBC-10CDE441BDC8}
		{16225FBF-AF0C-4933-B5DE-CACD0E7C6194} = {36D591C7-65C7-A0D1-1CBC-10CDE441BDC8}
	EndGlobalSection
	GlobalSection(ExtensibilityGlobals) = postSolution
		SolutionGuid = {2E45B167-C39E-42A5-9687-E88490B947E9}
	EndGlobalSection
EndGlobal
